// !$*UTF8*$!
{
	archiveVersion = 1;
	classes = {
	};
	objectVersion = 77;
	objects = {

/* Begin PBXBuildFile section */
		035100B8155C29A73F52D45E /* TokfenceDesktopApp.swift in Sources */ = {isa = PBXBuildFile; fileRef = 6706C388832EFE18FE957B70 /* TokfenceDesktopApp.swift */; };
		13B628037FD029272B939A4E /* TokfenceCommandRunner.swift in Sources */ = {isa = PBXBuildFile; fileRef = FD5DA5BB025E41ADF72682F8 /* TokfenceCommandRunner.swift */; };
		18FA60DDFB54802A2E5B0DF0 /* TokfenceTheme.swift in Sources */ = {isa = PBXBuildFile; fileRef = E930DD8DDF1A849D8C3615DB /* TokfenceTheme.swift */; };
		1E717F63055A6A5B298B5547 /* TokfenceWidgetExtension.appex in Embed Foundation Extensions */ = {isa = PBXBuildFile; fileRef = 6A5C6040938A177A50BC9138 /* TokfenceWidgetExtension.appex */; settings = {ATTRIBUTES = (RemoveHeadersOnCopy, ); }; };
		1ED3193D9EC73E924F0147BA /* TokfenceSnapshot.swift in Sources */ = {isa = PBXBuildFile; fileRef = 207244E9C43BD29CC1BB0FD8 /* TokfenceSnapshot.swift */; };
		309D42A50B7CB7E53F7BA9E2 /* TokfenceFormatting.swift in Sources */ = {isa = PBXBuildFile; fileRef = 3FDB93BDF804F8E1EEC47CDD /* TokfenceFormatting.swift */; };
		3C009FE8A9B764E7AC763151 /* TokfenceAppViewModel.swift in Sources */ = {isa = PBXBuildFile; fileRef = F727F1EB9E0C0DE2E631E7A3 /* TokfenceAppViewModel.swift */; };
		69B629E39F5BD2A8F0135C65 /* ContentView.swift in Sources */ = {isa = PBXBuildFile; fileRef = B317E47E6A03A0120CE28A22 /* ContentView.swift */; };
		71D409956BC1143ADDBCBA4C /* TokfenceModels.swift in Sources */ = {isa = PBXBuildFile; fileRef = 7EF891328B65B82431F5FFE8 /* TokfenceModels.swift */; };
		7B142C6409432B1BAE98CDB5 /* TokfenceWidget.swift in Sources */ = {isa = PBXBuildFile; fileRef = A730E0757DBDD0A4E31715F0 /* TokfenceWidget.swift */; };
		7D92F3CE5244E2A66A597A61 /* TokfenceSnapshot.swift in Sources */ = {isa = PBXBuildFile; fileRef = 207244E9C43BD29CC1BB0FD8 /* TokfenceSnapshot.swift */; };
		808676BD569C0EBFB6ABA9A0 /* TokfenceFormatting.swift in Sources */ = {isa = PBXBuildFile; fileRef = 3FDB93BDF804F8E1EEC47CDD /* TokfenceFormatting.swift */; };
		8DA14560483C5FF52AA051CD /* TokfenceSharedStore.swift in Sources */ = {isa = PBXBuildFile; fileRef = F2E53CD5E9F5404650CEBD29 /* TokfenceSharedStore.swift */; };
		90A7208B7EE8F2CAE7225378 /* TokfenceSharedStore.swift in Sources */ = {isa = PBXBuildFile; fileRef = F2E53CD5E9F5404650CEBD29 /* TokfenceSharedStore.swift */; };
		AB52EB0C45291AEEE46542EB /* TokfenceComponents.swift in Sources */ = {isa = PBXBuildFile; fileRef = 247623557685C9568B7E8D89 /* TokfenceComponents.swift */; };
		BD1B8A7D6E6AC16F68559C22 /* TokfenceTheme.swift in Sources */ = {isa = PBXBuildFile; fileRef = E930DD8DDF1A849D8C3615DB /* TokfenceTheme.swift */; };
		CF2FD3B91E79EB40A4B1719B /* TokfenceModels.swift in Sources */ = {isa = PBXBuildFile; fileRef = 7EF891328B65B82431F5FFE8 /* TokfenceModels.swift */; };
		E79C7ABE3857009F7824A6D2 /* TokfenceIcons.swift in Sources */ = {isa = PBXBuildFile; fileRef = 5028EC1E47D6F0AE81587094 /* TokfenceIcons.swift */; };
/* End PBXBuildFile section */

/* Begin PBXContainerItemProxy section */
		19146491CE86E9000D5C099F /* PBXContainerItemProxy */ = {
			isa = PBXContainerItemProxy;
			containerPortal = 0F19B51DE38A4EB496F692C7 /* Project object */;
			proxyType = 1;
			remoteGlobalIDString = 2A97AF0399304AA0F12ACED1;
			remoteInfo = TokfenceWidgetExtension;
		};
/* End PBXContainerItemProxy section */

/* Begin PBXCopyFilesBuildPhase section */
		2AE40301EEDF83D66BADAB6B /* Embed Foundation Extensions */ = {
			isa = PBXCopyFilesBuildPhase;
			buildActionMask = 2147483647;
			dstPath = "";
			dstSubfolderSpec = 13;
			files = (
				1E717F63055A6A5B298B5547 /* TokfenceWidgetExtension.appex in Embed Foundation Extensions */,
			);
			name = "Embed Foundation Extensions";
			runOnlyForDeploymentPostprocessing = 0;
		};
/* End PBXCopyFilesBuildPhase section */

/* Begin PBXFileReference section */
		207244E9C43BD29CC1BB0FD8 /* TokfenceSnapshot.swift */ = {isa = PBXFileReference; lastKnownFileType = sourcecode.swift; path = TokfenceSnapshot.swift; sourceTree = "<group>"; };
		247623557685C9568B7E8D89 /* TokfenceComponents.swift */ = {isa = PBXFileReference; lastKnownFileType = sourcecode.swift; path = TokfenceComponents.swift; sourceTree = "<group>"; };
		3FDB93BDF804F8E1EEC47CDD /* TokfenceFormatting.swift */ = {isa = PBXFileReference; lastKnownFileType = sourcecode.swift; path = TokfenceFormatting.swift; sourceTree = "<group>"; };
		48B6F85CD95CCB4A95C93246 /* TokfenceDesktop.entitlements */ = {isa = PBXFileReference; lastKnownFileType = text.plist.entitlements; path = TokfenceDesktop.entitlements; sourceTree = "<group>"; };
		4F1BDF625AAB8A18741492FB /* TokfenceWidgetExtension.entitlements */ = {isa = PBXFileReference; lastKnownFileType = text.plist.entitlements; path = TokfenceWidgetExtension.entitlements; sourceTree = "<group>"; };
		5028EC1E47D6F0AE81587094 /* TokfenceIcons.swift */ = {isa = PBXFileReference; lastKnownFileType = sourcecode.swift; path = TokfenceIcons.swift; sourceTree = "<group>"; };
		6706C388832EFE18FE957B70 /* TokfenceDesktopApp.swift */ = {isa = PBXFileReference; lastKnownFileType = sourcecode.swift; path = TokfenceDesktopApp.swift; sourceTree = "<group>"; };
		6A5C6040938A177A50BC9138 /* TokfenceWidgetExtension.appex */ = {isa = PBXFileReference; explicitFileType = "wrapper.app-extension"; includeInIndex = 0; path = TokfenceWidgetExtension.appex; sourceTree = BUILT_PRODUCTS_DIR; };
		7EF891328B65B82431F5FFE8 /* TokfenceModels.swift */ = {isa = PBXFileReference; lastKnownFileType = sourcecode.swift; path = TokfenceModels.swift; sourceTree = "<group>"; };
		A730E0757DBDD0A4E31715F0 /* TokfenceWidget.swift */ = {isa = PBXFileReference; lastKnownFileType = sourcecode.swift; path = TokfenceWidget.swift; sourceTree = "<group>"; };
		A85606CF4718D84C8765D85F /* Info.plist */ = {isa = PBXFileReference; lastKnownFileType = text.plist; path = Info.plist; sourceTree = "<group>"; };
		B317E47E6A03A0120CE28A22 /* ContentView.swift */ = {isa = PBXFileReference; lastKnownFileType = sourcecode.swift; path = ContentView.swift; sourceTree = "<group>"; };
		D67D0FC41827EA2C366D2E56 /* Info.plist */ = {isa = PBXFileReference; lastKnownFileType = text.plist; path = Info.plist; sourceTree = "<group>"; };
		E08CD8C34CE784E49102077E /* TokfenceDesktop.app */ = {isa = PBXFileReference; explicitFileType = wrapper.application; includeInIndex = 0; path = TokfenceDesktop.app; sourceTree = BUILT_PRODUCTS_DIR; };
		E930DD8DDF1A849D8C3615DB /* TokfenceTheme.swift */ = {isa = PBXFileReference; lastKnownFileType = sourcecode.swift; path = TokfenceTheme.swift; sourceTree = "<group>"; };
		F2E53CD5E9F5404650CEBD29 /* TokfenceSharedStore.swift */ = {isa = PBXFileReference; lastKnownFileType = sourcecode.swift; path = TokfenceSharedStore.swift; sourceTree = "<group>"; };
		F727F1EB9E0C0DE2E631E7A3 /* TokfenceAppViewModel.swift */ = {isa = PBXFileReference; lastKnownFileType = sourcecode.swift; path = TokfenceAppViewModel.swift; sourceTree = "<group>"; };
		FD5DA5BB025E41ADF72682F8 /* TokfenceCommandRunner.swift */ = {isa = PBXFileReference; lastKnownFileType = sourcecode.swift; path = TokfenceCommandRunner.swift; sourceTree = "<group>"; };
/* End PBXFileReference section */

/* Begin PBXGroup section */
		1A580C42DB52203CC27AE47C /* App */ = {
			isa = PBXGroup;
			children = (
				B317E47E6A03A0120CE28A22 /* ContentView.swift */,
				D67D0FC41827EA2C366D2E56 /* Info.plist */,
				F727F1EB9E0C0DE2E631E7A3 /* TokfenceAppViewModel.swift */,
				FD5DA5BB025E41ADF72682F8 /* TokfenceCommandRunner.swift */,
				247623557685C9568B7E8D89 /* TokfenceComponents.swift */,
				48B6F85CD95CCB4A95C93246 /* TokfenceDesktop.entitlements */,
				6706C388832EFE18FE957B70 /* TokfenceDesktopApp.swift */,
				5028EC1E47D6F0AE81587094 /* TokfenceIcons.swift */,
			);
			path = App;
			sourceTree = "<group>";
		};
		87ADA4A85C82456692350DD3 /* Shared */ = {
			isa = PBXGroup;
			children = (
				3FDB93BDF804F8E1EEC47CDD /* TokfenceFormatting.swift */,
				7EF891328B65B82431F5FFE8 /* TokfenceModels.swift */,
				F2E53CD5E9F5404650CEBD29 /* TokfenceSharedStore.swift */,
				207244E9C43BD29CC1BB0FD8 /* TokfenceSnapshot.swift */,
				E930DD8DDF1A849D8C3615DB /* TokfenceTheme.swift */,
			);
			path = Shared;
			sourceTree = "<group>";
		};
		92C858A7C419A5CF07E4A6C4 /* Products */ = {
			isa = PBXGroup;
			children = (
				E08CD8C34CE784E49102077E /* TokfenceDesktop.app */,
				6A5C6040938A177A50BC9138 /* TokfenceWidgetExtension.appex */,
			);
			name = Products;
			sourceTree = "<group>";
		};
		A6D632517FD2756B561F5435 = {
			isa = PBXGroup;
			children = (
				1A580C42DB52203CC27AE47C /* App */,
				87ADA4A85C82456692350DD3 /* Shared */,
				A726D8392DB3E8776F373119 /* Widget */,
				92C858A7C419A5CF07E4A6C4 /* Products */,
			);
			sourceTree = "<group>";
		};
		A726D8392DB3E8776F373119 /* Widget */ = {
			isa = PBXGroup;
			children = (
				A85606CF4718D84C8765D85F /* Info.plist */,
				A730E0757DBDD0A4E31715F0 /* TokfenceWidget.swift */,
				4F1BDF625AAB8A18741492FB /* TokfenceWidgetExtension.entitlements */,
			);
			path = Widget;
			sourceTree = "<group>";
		};
/* End PBXGroup section */

/* Begin PBXNativeTarget section */
		2A97AF0399304AA0F12ACED1 /* TokfenceWidgetExtension */ = {
			isa = PBXNativeTarget;
			buildConfigurationList = D8730D510C4C139FC064D5B6 /* Build configuration list for PBXNativeTarget "TokfenceWidgetExtension" */;
			buildPhases = (
				292D0C09703545029B4CD8DA /* Sources */,
			);
			buildRules = (
			);
			dependencies = (
			);
			name = TokfenceWidgetExtension;
			packageProductDependencies = (
			);
			productName = TokfenceWidgetExtension;
			productReference = 6A5C6040938A177A50BC9138 /* TokfenceWidgetExtension.appex */;
			productType = "com.apple.product-type.app-extension";
		};
		8DB88FA7D83E0B9853B68BE9 /* TokfenceDesktop */ = {
			isa = PBXNativeTarget;
			buildConfigurationList = 068DCCFAE7503A37ABCC426B /* Build configuration list for PBXNativeTarget "TokfenceDesktop" */;
			buildPhases = (
				89CD9487E8810804EDF40BE5 /* Sources */,
				2AE40301EEDF83D66BADAB6B /* Embed Foundation Extensions */,
			);
			buildRules = (
			);
			dependencies = (
				C7CFFCA7240BABDE3A61C105 /* PBXTargetDependency */,
			);
			name = TokfenceDesktop;
			packageProductDependencies = (
			);
			productName = TokfenceDesktop;
			productReference = E08CD8C34CE784E49102077E /* TokfenceDesktop.app */;
			productType = "com.apple.product-type.application";
		};
/* End PBXNativeTarget section */

/* Begin PBXProject section */
		0F19B51DE38A4EB496F692C7 /* Project object */ = {
			isa = PBXProject;
			attributes = {
				BuildIndependentTargetsInParallel = YES;
				LastUpgradeCheck = 1430;
			};
			buildConfigurationList = 817D2A814BAB89ED35907571 /* Build configuration list for PBXProject "TokfenceDesktop" */;
			compatibilityVersion = "Xcode 14.0";
			developmentRegion = en;
			hasScannedForEncodings = 0;
			knownRegions = (
				Base,
				en,
			);
			mainGroup = A6D632517FD2756B561F5435;
			minimizedProjectReferenceProxies = 1;
			preferredProjectObjectVersion = 77;
			projectDirPath = "";
			projectRoot = "";
			targets = (
				8DB88FA7D83E0B9853B68BE9 /* TokfenceDesktop */,
				2A97AF0399304AA0F12ACED1 /* TokfenceWidgetExtension */,
			);
		};
/* End PBXProject section */

/* Begin PBXSourcesBuildPhase section */
		292D0C09703545029B4CD8DA /* Sources */ = {
			isa = PBXSourcesBuildPhase;
			buildActionMask = 2147483647;
			files = (
				309D42A50B7CB7E53F7BA9E2 /* TokfenceFormatting.swift in Sources */,
				71D409956BC1143ADDBCBA4C /* TokfenceModels.swift in Sources */,
				90A7208B7EE8F2CAE7225378 /* TokfenceSharedStore.swift in Sources */,
				7D92F3CE5244E2A66A597A61 /* TokfenceSnapshot.swift in Sources */,
				18FA60DDFB54802A2E5B0DF0 /* TokfenceTheme.swift in Sources */,
				7B142C6409432B1BAE98CDB5 /* TokfenceWidget.swift in Sources */,
			);
			runOnlyForDeploymentPostprocessing = 0;
		};
		89CD9487E8810804EDF40BE5 /* Sources */ = {
			isa = PBXSourcesBuildPhase;
			buildActionMask = 2147483647;
			files = (
				69B629E39F5BD2A8F0135C65 /* ContentView.swift in Sources */,
				3C009FE8A9B764E7AC763151 /* TokfenceAppViewModel.swift in Sources */,
				13B628037FD029272B939A4E /* TokfenceCommandRunner.swift in Sources */,
				AB52EB0C45291AEEE46542EB /* TokfenceComponents.swift in Sources */,
				035100B8155C29A73F52D45E /* TokfenceDesktopApp.swift in Sources */,
				808676BD569C0EBFB6ABA9A0 /* TokfenceFormatting.swift in Sources */,
				E79C7ABE3857009F7824A6D2 /* TokfenceIcons.swift in Sources */,
				CF2FD3B91E79EB40A4B1719B /* TokfenceModels.swift in Sources */,
				8DA14560483C5FF52AA051CD /* TokfenceSharedStore.swift in Sources */,
				1ED3193D9EC73E924F0147BA /* TokfenceSnapshot.swift in Sources */,
				BD1B8A7D6E6AC16F68559C22 /* TokfenceTheme.swift in Sources */,
			);
			runOnlyForDeploymentPostprocessing = 0;
		};
/* End PBXSourcesBuildPhase section */

/* Begin PBXTargetDependency section */
		C7CFFCA7240BABDE3A61C105 /* PBXTargetDependency */ = {
			isa = PBXTargetDependency;
			target = 2A97AF0399304AA0F12ACED1 /* TokfenceWidgetExtension */;
			targetProxy = 19146491CE86E9000D5C099F /* PBXContainerItemProxy */;
		};
/* End PBXTargetDependency section */

/* Begin XCBuildConfiguration section */
		15398E6869BD7E8A984E61F2 /* Debug */ = {
			isa = XCBuildConfiguration;
			buildSettings = {
				CODE_SIGN_ENTITLEMENTS = Widget/TokfenceWidgetExtension.entitlements;
				COMBINE_HIDPI_IMAGES = YES;
				INFOPLIST_FILE = Widget/Info.plist;
				LD_RUNPATH_SEARCH_PATHS = (
					"$(inherited)",
					"@executable_path/../Frameworks",
					"@executable_path/../../../../Frameworks",
				);
				MACOSX_DEPLOYMENT_TARGET = 14.0;
				PRODUCT_BUNDLE_IDENTIFIER = com.foxontherun42.tokfence.desktop.widget;
				PRODUCT_NAME = TokfenceWidgetExtension;
				SDKROOT = macosx;
			};
			name = Debug;
		};
		3225C56E23B7173A43786076 /* Release */ = {
			isa = XCBuildConfiguration;
			buildSettings = {
				ASSETCATALOG_COMPILER_APPICON_NAME = AppIcon;
				CODE_SIGN_ENTITLEMENTS = App/TokfenceDesktop.entitlements;
				COMBINE_HIDPI_IMAGES = YES;
				INFOPLIST_FILE = App/Info.plist;
				LD_RUNPATH_SEARCH_PATHS = (
					"$(inherited)",
					"@executable_path/../Frameworks",
				);
				MACOSX_DEPLOYMENT_TARGET = 14.0;
				PRODUCT_BUNDLE_IDENTIFIER = com.foxontherun42.tokfence.desktop;
				SDKROOT = macosx;
			};
			name = Release;
		};
		3B6A5986D311380E1FB435C7 /* Release */ = {
			isa = XCBuildConfiguration;
			buildSettings = {
				ALWAYS_SEARCH_USER_PATHS = NO;
				CLANG_ANALYZER_NONNULL = YES;
				CLANG_ANALYZER_NUMBER_OBJECT_CONVERSION = YES_AGGRESSIVE;
				CLANG_CXX_LANGUAGE_STANDARD = "gnu++14";
				CLANG_CXX_LIBRARY = "libc++";
				CLANG_ENABLE_MODULES = YES;
				CLANG_ENABLE_OBJC_ARC = YES;
				CLANG_ENABLE_OBJC_WEAK = YES;
				CLANG_WARN_BLOCK_CAPTURE_AUTORELEASING = YES;
				CLANG_WARN_BOOL_CONVERSION = YES;
				CLANG_WARN_COMMA = YES;
				CLANG_WARN_CONSTANT_CONVERSION = YES;
				CLANG_WARN_DEPRECATED_OBJC_IMPLEMENTATIONS = YES;
				CLANG_WARN_DIRECT_OBJC_ISA_USAGE = YES_ERROR;
				CLANG_WARN_DOCUMENTATION_COMMENTS = YES;
				CLANG_WARN_EMPTY_BODY = YES;
				CLANG_WARN_ENUM_CONVERSION = YES;
				CLANG_WARN_INFINITE_RECURSION = YES;
				CLANG_WARN_INT_CONVERSION = YES;
				CLANG_WARN_NON_LITERAL_NULL_CONVERSION = YES;
				CLANG_WARN_OBJC_IMPLICIT_RETAIN_SELF = YES;
				CLANG_WARN_OBJC_LITERAL_CONVERSION = YES;
				CLANG_WARN_OBJC_ROOT_CLASS = YES_ERROR;
				CLANG_WARN_QUOTED_INCLUDE_IN_FRAMEWORK_HEADER = YES;
				CLANG_WARN_RANGE_LOOP_ANALYSIS = YES;
				CLANG_WARN_STRICT_PROTOTYPES = YES;
				CLANG_WARN_SUSPICIOUS_MOVE = YES;
				CLANG_WARN_UNGUARDED_AVAILABILITY = YES_AGGRESSIVE;
				CLANG_WARN_UNREACHABLE_CODE = YES;
				CLANG_WARN__DUPLICATE_METHOD_MATCH = YES;
				COPY_PHASE_STRIP = NO;
				CURRENT_PROJECT_VERSION = 1;
				DEBUG_INFORMATION_FORMAT = "dwarf-with-dsym";
				ENABLE_NS_ASSERTIONS = NO;
				ENABLE_STRICT_OBJC_MSGSEND = YES;
				GCC_C_LANGUAGE_STANDARD = gnu11;
				GCC_NO_COMMON_BLOCKS = YES;
				GCC_WARN_64_TO_32_BIT_CONVERSION = YES;
				GCC_WARN_ABOUT_RETURN_TYPE = YES_ERROR;
				GCC_WARN_UNDECLARED_SELECTOR = YES;
				GCC_WARN_UNINITIALIZED_AUTOS = YES_AGGRESSIVE;
				GCC_WARN_UNUSED_FUNCTION = YES;
				GCC_WARN_UNUSED_VARIABLE = YES;
				MARKETING_VERSION = 0.1.0;
				MTL_ENABLE_DEBUG_INFO = NO;
				MTL_FAST_MATH = YES;
				PRODUCT_NAME = "$(TARGET_NAME)";
				SDKROOT = macosx;
				SWIFT_COMPILATION_MODE = wholemodule;
				SWIFT_OPTIMIZATION_LEVEL = "-O";
				SWIFT_VERSION = 5.1;
			};
			name = Release;
		};
		885238BA31D3B5A276B97621 /* Release */ = {
			isa = XCBuildConfiguration;
			buildSettings = {
				CODE_SIGN_ENTITLEMENTS = Widget/TokfenceWidgetExtension.entitlements;
				COMBINE_HIDPI_IMAGES = YES;
				INFOPLIST_FILE = Widget/Info.plist;
				LD_RUNPATH_SEARCH_PATHS = (
					"$(inherited)",
					"@executable_path/../Frameworks",
					"@executable_path/../../../../Frameworks",
				);
				MACOSX_DEPLOYMENT_TARGET = 14.0;
				PRODUCT_BUNDLE_IDENTIFIER = com.foxontherun42.tokfence.desktop.widget;
				PRODUCT_NAME = TokfenceWidgetExtension;
				SDKROOT = macosx;
			};
			name = Release;
		};
		8CF27F113AD4B40E4DC69F0C /* Debug */ = {
			isa = XCBuildConfiguration;
			buildSettings = {
				ASSETCATALOG_COMPILER_APPICON_NAME = AppIcon;
				CODE_SIGN_ENTITLEMENTS = App/TokfenceDesktop.entitlements;
				COMBINE_HIDPI_IMAGES = YES;
				INFOPLIST_FILE = App/Info.plist;
				LD_RUNPATH_SEARCH_PATHS = (
					"$(inherited)",
					"@executable_path/../Frameworks",
				);
				MACOSX_DEPLOYMENT_TARGET = 14.0;
				PRODUCT_BUNDLE_IDENTIFIER = com.foxontherun42.tokfence.desktop;
				SDKROOT = macosx;
			};
			name = Debug;
		};
		DA6C22FFE3E2EE6252C81CA6 /* Debug */ = {
			isa = XCBuildConfiguration;
			buildSettings = {
				ALWAYS_SEARCH_USER_PATHS = NO;
				CLANG_ANALYZER_NONNULL = YES;
				CLANG_ANALYZER_NUMBER_OBJECT_CONVERSION = YES_AGGRESSIVE;
				CLANG_CXX_LANGUAGE_STANDARD = "gnu++14";
				CLANG_CXX_LIBRARY = "libc++";
				CLANG_ENABLE_MODULES = YES;
				CLANG_ENABLE_OBJC_ARC = YES;
				CLANG_ENABLE_OBJC_WEAK = YES;
				CLANG_WARN_BLOCK_CAPTURE_AUTORELEASING = YES;
				CLANG_WARN_BOOL_CONVERSION = YES;
				CLANG_WARN_COMMA = YES;
				CLANG_WARN_CONSTANT_CONVERSION = YES;
				CLANG_WARN_DEPRECATED_OBJC_IMPLEMENTATIONS = YES;
				CLANG_WARN_DIRECT_OBJC_ISA_USAGE = YES_ERROR;
				CLANG_WARN_DOCUMENTATION_COMMENTS = YES;
				CLANG_WARN_EMPTY_BODY = YES;
				CLANG_WARN_ENUM_CONVERSION = YES;
				CLANG_WARN_INFINITE_RECURSION = YES;
				CLANG_WARN_INT_CONVERSION = YES;
				CLANG_WARN_NON_LITERAL_NULL_CONVERSION = YES;
				CLANG_WARN_OBJC_IMPLICIT_RETAIN_SELF = YES;
				CLANG_WARN_OBJC_LITERAL_CONVERSION = YES;
				CLANG_WARN_OBJC_ROOT_CLASS = YES_ERROR;
				CLANG_WARN_QUOTED_INCLUDE_IN_FRAMEWORK_HEADER = YES;
				CLANG_WARN_RANGE_LOOP_ANALYSIS = YES;
				CLANG_WARN_STRICT_PROTOTYPES = YES;
				CLANG_WARN_SUSPICIOUS_MOVE = YES;
				CLANG_WARN_UNGUARDED_AVAILABILITY = YES_AGGRESSIVE;
				CLANG_WARN_UNREACHABLE_CODE = YES;
				CLANG_WARN__DUPLICATE_METHOD_MATCH = YES;
				COPY_PHASE_STRIP = NO;
				CURRENT_PROJECT_VERSION = 1;
				DEBUG_INFORMATION_FORMAT = dwarf;
				ENABLE_STRICT_OBJC_MSGSEND = YES;
				ENABLE_TESTABILITY = YES;
				GCC_C_LANGUAGE_STANDARD = gnu11;
				GCC_DYNAMIC_NO_PIC = NO;
				GCC_NO_COMMON_BLOCKS = YES;
				GCC_OPTIMIZATION_LEVEL = 0;
				GCC_PREPROCESSOR_DEFINITIONS = (
					"$(inherited)",
					"DEBUG=1",
				);
				GCC_WARN_64_TO_32_BIT_CONVERSION = YES;
				GCC_WARN_ABOUT_RETURN_TYPE = YES_ERROR;
				GCC_WARN_UNDECLARED_SELECTOR = YES;
				GCC_WARN_UNINITIALIZED_AUTOS = YES_AGGRESSIVE;
				GCC_WARN_UNUSED_FUNCTION = YES;
				GCC_WARN_UNUSED_VARIABLE = YES;
				MARKETING_VERSION = 0.1.0;
				MTL_ENABLE_DEBUG_INFO = INCLUDE_SOURCE;
				MTL_FAST_MATH = YES;
				ONLY_ACTIVE_ARCH = YES;
				PRODUCT_NAME = "$(TARGET_NAME)";
				SDKROOT = macosx;
				SWIFT_ACTIVE_COMPILATION_CONDITIONS = DEBUG;
				SWIFT_OPTIMIZATION_LEVEL = "-Onone";
				SWIFT_VERSION = 5.1;
			};
			name = Debug;
		};
/* End XCBuildConfiguration section */

/* Begin XCConfigurationList section */
		068DCCFAE7503A37ABCC426B /* Build configuration list for PBXNativeTarget "TokfenceDesktop" */ = {
			isa = XCConfigurationList;
			buildConfigurations = (
				8CF27F113AD4B40E4DC69F0C /* Debug */,
				3225C56E23B7173A43786076 /* Release */,
			);
			defaultConfigurationIsVisible = 0;
			defaultConfigurationName = Debug;
		};
		817D2A814BAB89ED35907571 /* Build configuration list for PBXProject "TokfenceDesktop" */ = {
			isa = XCConfigurationList;
			buildConfigurations = (
				DA6C22FFE3E2EE6252C81CA6 /* Debug */,
				3B6A5986D311380E1FB435C7 /* Release */,
			);
			defaultConfigurationIsVisible = 0;
			defaultConfigurationName = Debug;
		};
		D8730D510C4C139FC064D5B6 /* Build configuration list for PBXNativeTarget "TokfenceWidgetExtension" */ = {
			isa = XCConfigurationList;
			buildConfigurations = (
				15398E6869BD7E8A984E61F2 /* Debug */,
				885238BA31D3B5A276B97621 /* Release */,
			);
			defaultConfigurationIsVisible = 0;
			defaultConfigurationName = Debug;
		};
/* End XCConfigurationList section */
	};
	rootObject = 0F19B51DE38A4EB496F692C7 /* Project object */;
}
